// !$*UTF8*$!
{
	archiveVersion = 1;
	classes = {
	};
	objectVersion = 77;
	objects = {

/* Begin PBXBuildFile section */
		7584BD2D2D5B95BA00B1F469 /* codemagic.yaml in Resources */ = {isa = PBXBuildFile; fileRef = 7584BD2C2D5B95BA00B1F469 /* codemagic.yaml */; };
		75C017B02D5DD9950046C3DF /* FirebaseRemoteConfig in Frameworks */ = {isa = PBXBuildFile; productRef = 75C017AF2D5DD9950046C3DF /* FirebaseRemoteConfig */; };
		75C017BC2D5DF0230046C3DF /* GoogleService-Info.plist in Resources */ = {isa = PBXBuildFile; fileRef = 75C017BB2D5DF0230046C3DF /* GoogleService-Info.plist */; };
		75FC225D2D5F4230008BE7CE /* SdkPushExpress in Frameworks */ = {isa = PBXBuildFile; productRef = 75FC225C2D5F4230008BE7CE /* SdkPushExpress */; };
		75FC22692D5F42EF008BE7CE /* NotificationService.appex in Embed Foundation Extensions */ = {isa = PBXBuildFile; fileRef = 75FC22622D5F42EF008BE7CE /* NotificationService.appex */; settings = {ATTRIBUTES = (RemoveHeadersOnCopy, ); }; };
		75FC22702D5F4310008BE7CE /* SdkPushExpress in Frameworks */ = {isa = PBXBuildFile; productRef = 75FC226F2D5F4310008BE7CE /* SdkPushExpress */; };
/* End PBXBuildFile section */

/* Begin PBXContainerItemProxy section */
		75FC22672D5F42EF008BE7CE /* PBXContainerItemProxy */ = {
			isa = PBXContainerItemProxy;
			containerPortal = 75C2BD1E2D5352D6008732B9 /* Project object */;
			proxyType = 1;
			remoteGlobalIDString = 75FC22612D5F42EF008BE7CE;
			remoteInfo = NotificationService;
		};
/* End PBXContainerItemProxy section */

/* Begin PBXCopyFilesBuildPhase section */
		75FC226E2D5F42EF008BE7CE /* Embed Foundation Extensions */ = {
			isa = PBXCopyFilesBuildPhase;
			buildActionMask = 2147483647;
			dstPath = "";
			dstSubfolderSpec = 13;
			files = (
				75FC22692D5F42EF008BE7CE /* NotificationService.appex in Embed Foundation Extensions */,
			);
			name = "Embed Foundation Extensions";
			runOnlyForDeploymentPostprocessing = 0;
		};
/* End PBXCopyFilesBuildPhase section */

/* Begin PBXFileReference section */
		7584BD2C2D5B95BA00B1F469 /* codemagic.yaml */ = {isa = PBXFileReference; lastKnownFileType = text.yaml; path = codemagic.yaml; sourceTree = "<group>"; };
		75C017BB2D5DF0230046C3DF /* GoogleService-Info.plist */ = {isa = PBXFileReference; lastKnownFileType = text.plist.xml; path = "GoogleService-Info.plist"; sourceTree = "<group>"; };
		75C2BD262D5352D6008732B9 /* Vancouver Fun City Tour.app */ = {isa = PBXFileReference; explicitFileType = wrapper.application; includeInIndex = 0; path = "Vancouver Fun City Tour.app"; sourceTree = BUILT_PRODUCTS_DIR; };
		75FC22622D5F42EF008BE7CE /* NotificationService.appex */ = {isa = PBXFileReference; explicitFileType = "wrapper.app-extension"; includeInIndex = 0; path = NotificationService.appex; sourceTree = BUILT_PRODUCTS_DIR; };
/* End PBXFileReference section */

/* Begin PBXFileSystemSynchronizedBuildFileExceptionSet section */
		75FC226D2D5F42EF008BE7CE /* Exceptions for "NotificationService" folder in "NotificationService" target */ = {
			isa = PBXFileSystemSynchronizedBuildFileExceptionSet;
			membershipExceptions = (
				Info.plist,
			);
			target = 75FC22612D5F42EF008BE7CE /* NotificationService */;
		};
/* End PBXFileSystemSynchronizedBuildFileExceptionSet section */

/* Begin PBXFileSystemSynchronizedRootGroup section */
		75C2BD282D5352D6008732B9 /* Vancouver Fun City Tour */ = {
			isa = PBXFileSystemSynchronizedRootGroup;
			path = "Vancouver Fun City Tour";
			sourceTree = "<group>";
		};
		75FC22632D5F42EF008BE7CE /* NotificationService */ = {
			isa = PBXFileSystemSynchronizedRootGroup;
			exceptions = (
				75FC226D2D5F42EF008BE7CE /* Exceptions for "NotificationService" folder in "NotificationService" target */,
			);
			path = NotificationService;
			sourceTree = "<group>";
		};
/* End PBXFileSystemSynchronizedRootGroup section */

/* Begin PBXFrameworksBuildPhase section */
		75C2BD232D5352D6008732B9 /* Frameworks */ = {
			isa = PBXFrameworksBuildPhase;
			buildActionMask = 2147483647;
			files = (
				75FC225D2D5F4230008BE7CE /* SdkPushExpress in Frameworks */,
				75C017B02D5DD9950046C3DF /* FirebaseRemoteConfig in Frameworks */,
			);
			runOnlyForDeploymentPostprocessing = 0;
		};
		75FC225F2D5F42EF008BE7CE /* Frameworks */ = {
			isa = PBXFrameworksBuildPhase;
			buildActionMask = 2147483647;
			files = (
				75FC22702D5F4310008BE7CE /* SdkPushExpress in Frameworks */,
			);
			runOnlyForDeploymentPostprocessing = 0;
		};
/* End PBXFrameworksBuildPhase section */

/* Begin PBXGroup section */
		75C2BD1D2D5352D6008732B9 = {
			isa = PBXGroup;
			children = (
				75C017BB2D5DF0230046C3DF /* GoogleService-Info.plist */,
				7584BD2C2D5B95BA00B1F469 /* codemagic.yaml */,
				75C2BD282D5352D6008732B9 /* Vancouver Fun City Tour */,
				75FC22632D5F42EF008BE7CE /* NotificationService */,
				75C2BD272D5352D6008732B9 /* Products */,
			);
			sourceTree = "<group>";
		};
		75C2BD272D5352D6008732B9 /* Products */ = {
			isa = PBXGroup;
			children = (
				75C2BD262D5352D6008732B9 /* Vancouver Fun City Tour.app */,
				75FC22622D5F42EF008BE7CE /* NotificationService.appex */,
			);
			name = Products;
			sourceTree = "<group>";
		};
/* End PBXGroup section */

/* Begin PBXNativeTarget section */
		75C2BD252D5352D6008732B9 /* Vancouver Fun City Tour */ = {
			isa = PBXNativeTarget;
			buildConfigurationList = 75C2BD342D5352D7008732B9 /* Build configuration list for PBXNativeTarget "Vancouver Fun City Tour" */;
			buildPhases = (
				75C2BD222D5352D6008732B9 /* Sources */,
				75C2BD232D5352D6008732B9 /* Frameworks */,
				75C2BD242D5352D6008732B9 /* Resources */,
				75FC226E2D5F42EF008BE7CE /* Embed Foundation Extensions */,
			);
			buildRules = (
			);
			dependencies = (
				75FC22682D5F42EF008BE7CE /* PBXTargetDependency */,
			);
			fileSystemSynchronizedGroups = (
				75C2BD282D5352D6008732B9 /* Vancouver Fun City Tour */,
			);
			name = "Vancouver Fun City Tour";
			packageProductDependencies = (
				75C017AF2D5DD9950046C3DF /* FirebaseRemoteConfig */,
				75FC225C2D5F4230008BE7CE /* SdkPushExpress */,
			);
			productName = "Vancouver Fun City Tour";
			productReference = 75C2BD262D5352D6008732B9 /* Vancouver Fun City Tour.app */;
			productType = "com.apple.product-type.application";
		};
		75FC22612D5F42EF008BE7CE /* NotificationService */ = {
			isa = PBXNativeTarget;
			buildConfigurationList = 75FC226A2D5F42EF008BE7CE /* Build configuration list for PBXNativeTarget "NotificationService" */;
			buildPhases = (
				75FC225E2D5F42EF008BE7CE /* Sources */,
				75FC225F2D5F42EF008BE7CE /* Frameworks */,
				75FC22602D5F42EF008BE7CE /* Resources */,
			);
			buildRules = (
			);
			dependencies = (
			);
			fileSystemSynchronizedGroups = (
				75FC22632D5F42EF008BE7CE /* NotificationService */,
			);
			name = NotificationService;
			packageProductDependencies = (
				75FC226F2D5F4310008BE7CE /* SdkPushExpress */,
			);
			productName = NotificationService;
			productReference = 75FC22622D5F42EF008BE7CE /* NotificationService.appex */;
			productType = "com.apple.product-type.app-extension";
		};
/* End PBXNativeTarget section */

/* Begin PBXProject section */
		75C2BD1E2D5352D6008732B9 /* Project object */ = {
			isa = PBXProject;
			attributes = {
				BuildIndependentTargetsInParallel = 1;
				LastSwiftUpdateCheck = 1600;
				LastUpgradeCheck = 1600;
				TargetAttributes = {
					75C2BD252D5352D6008732B9 = {
						CreatedOnToolsVersion = 16.0;
					};
					75FC22612D5F42EF008BE7CE = {
						CreatedOnToolsVersion = 16.0;
					};
				};
			};
			buildConfigurationList = 75C2BD212D5352D6008732B9 /* Build configuration list for PBXProject "Vancouver Fun City Tour" */;
			developmentRegion = en;
			hasScannedForEncodings = 0;
			knownRegions = (
				en,
				Base,
			);
			mainGroup = 75C2BD1D2D5352D6008732B9;
			minimizedProjectReferenceProxies = 1;
			packageReferences = (
				75C017AE2D5DD9940046C3DF /* XCRemoteSwiftPackageReference "firebase-ios-sdk" */,
				75FC225B2D5F4230008BE7CE /* XCRemoteSwiftPackageReference "pushexpress-swift-sdk" */,
			);
			preferredProjectObjectVersion = 77;
			productRefGroup = 75C2BD272D5352D6008732B9 /* Products */;
			projectDirPath = "";
			projectRoot = "";
			targets = (
				75C2BD252D5352D6008732B9 /* Vancouver Fun City Tour */,
				75FC22612D5F42EF008BE7CE /* NotificationService */,
			);
		};
/* End PBXProject section */

/* Begin PBXResourcesBuildPhase section */
		75C2BD242D5352D6008732B9 /* Resources */ = {
			isa = PBXResourcesBuildPhase;
			buildActionMask = 2147483647;
			files = (
				75C017BC2D5DF0230046C3DF /* GoogleService-Info.plist in Resources */,
				7584BD2D2D5B95BA00B1F469 /* codemagic.yaml in Resources */,
			);
			runOnlyForDeploymentPostprocessing = 0;
		};
		75FC22602D5F42EF008BE7CE /* Resources */ = {
			isa = PBXResourcesBuildPhase;
			buildActionMask = 2147483647;
			files = (
			);
			runOnlyForDeploymentPostprocessing = 0;
		};
/* End PBXResourcesBuildPhase section */

/* Begin PBXSourcesBuildPhase section */
		75C2BD222D5352D6008732B9 /* Sources */ = {
			isa = PBXSourcesBuildPhase;
			buildActionMask = 2147483647;
			files = (
			);
			runOnlyForDeploymentPostprocessing = 0;
		};
		75FC225E2D5F42EF008BE7CE /* Sources */ = {
			isa = PBXSourcesBuildPhase;
			buildActionMask = 2147483647;
			files = (
			);
			runOnlyForDeploymentPostprocessing = 0;
		};
/* End PBXSourcesBuildPhase section */

/* Begin PBXTargetDependency section */
		75FC22682D5F42EF008BE7CE /* PBXTargetDependency */ = {
			isa = PBXTargetDependency;
			target = 75FC22612D5F42EF008BE7CE /* NotificationService */;
			targetProxy = 75FC22672D5F42EF008BE7CE /* PBXContainerItemProxy */;
		};
/* End PBXTargetDependency section */

/* Begin XCBuildConfiguration section */
		75C2BD322D5352D7008732B9 /* Debug */ = {
			isa = XCBuildConfiguration;
			buildSettings = {
				ALWAYS_SEARCH_USER_PATHS = NO;
				ASSETCATALOG_COMPILER_GENERATE_SWIFT_ASSET_SYMBOL_EXTENSIONS = YES;
				CLANG_ANALYZER_NONNULL = YES;
				CLANG_ANALYZER_NUMBER_OBJECT_CONVERSION = YES_AGGRESSIVE;
				CLANG_CXX_LANGUAGE_STANDARD = "gnu++20";
				CLANG_ENABLE_MODULES = YES;
				CLANG_ENABLE_OBJC_ARC = YES;
				CLANG_ENABLE_OBJC_WEAK = YES;
				CLANG_WARN_BLOCK_CAPTURE_AUTORELEASING = YES;
				CLANG_WARN_BOOL_CONVERSION = YES;
				CLANG_WARN_COMMA = YES;
				CLANG_WARN_CONSTANT_CONVERSION = YES;
				CLANG_WARN_DEPRECATED_OBJC_IMPLEMENTATIONS = YES;
				CLANG_WARN_DIRECT_OBJC_ISA_USAGE = YES_ERROR;
				CLANG_WARN_DOCUMENTATION_COMMENTS = YES;
				CLANG_WARN_EMPTY_BODY = YES;
				CLANG_WARN_ENUM_CONVERSION = YES;
				CLANG_WARN_INFINITE_RECURSION = YES;
				CLANG_WARN_INT_CONVERSION = YES;
				CLANG_WARN_NON_LITERAL_NULL_CONVERSION = YES;
				CLANG_WARN_OBJC_IMPLICIT_RETAIN_SELF = YES;
				CLANG_WARN_OBJC_LITERAL_CONVERSION = YES;
				CLANG_WARN_OBJC_ROOT_CLASS = YES_ERROR;
				CLANG_WARN_QUOTED_INCLUDE_IN_FRAMEWORK_HEADER = YES;
				CLANG_WARN_RANGE_LOOP_ANALYSIS = YES;
				CLANG_WARN_STRICT_PROTOTYPES = YES;
				CLANG_WARN_SUSPICIOUS_MOVE = YES;
				CLANG_WARN_UNGUARDED_AVAILABILITY = YES_AGGRESSIVE;
				CLANG_WARN_UNREACHABLE_CODE = YES;
				CLANG_WARN__DUPLICATE_METHOD_MATCH = YES;
				COPY_PHASE_STRIP = NO;
				DEBUG_INFORMATION_FORMAT = dwarf;
				ENABLE_STRICT_OBJC_MSGSEND = YES;
				ENABLE_TESTABILITY = YES;
				ENABLE_USER_SCRIPT_SANDBOXING = YES;
				GCC_C_LANGUAGE_STANDARD = gnu17;
				GCC_DYNAMIC_NO_PIC = NO;
				GCC_NO_COMMON_BLOCKS = YES;
				GCC_OPTIMIZATION_LEVEL = 0;
				GCC_PREPROCESSOR_DEFINITIONS = (
					"DEBUG=1",
					"$(inherited)",
				);
				GCC_WARN_64_TO_32_BIT_CONVERSION = YES;
				GCC_WARN_ABOUT_RETURN_TYPE = YES_ERROR;
				GCC_WARN_UNDECLARED_SELECTOR = YES;
				GCC_WARN_UNINITIALIZED_AUTOS = YES_AGGRESSIVE;
				GCC_WARN_UNUSED_FUNCTION = YES;
				GCC_WARN_UNUSED_VARIABLE = YES;
				IPHONEOS_DEPLOYMENT_TARGET = 18.0;
				LOCALIZATION_PREFERS_STRING_CATALOGS = YES;
				MTL_ENABLE_DEBUG_INFO = INCLUDE_SOURCE;
				MTL_FAST_MATH = YES;
				ONLY_ACTIVE_ARCH = YES;
				SDKROOT = iphoneos;
				SWIFT_ACTIVE_COMPILATION_CONDITIONS = "DEBUG $(inherited)";
				SWIFT_OPTIMIZATION_LEVEL = "-Onone";
			};
			name = Debug;
		};
		75C2BD332D5352D7008732B9 /* Release */ = {
			isa = XCBuildConfiguration;
			buildSettings = {
				ALWAYS_SEARCH_USER_PATHS = NO;
				ASSETCATALOG_COMPILER_GENERATE_SWIFT_ASSET_SYMBOL_EXTENSIONS = YES;
				CLANG_ANALYZER_NONNULL = YES;
				CLANG_ANALYZER_NUMBER_OBJECT_CONVERSION = YES_AGGRESSIVE;
				CLANG_CXX_LANGUAGE_STANDARD = "gnu++20";
				CLANG_ENABLE_MODULES = YES;
				CLANG_ENABLE_OBJC_ARC = YES;
				CLANG_ENABLE_OBJC_WEAK = YES;
				CLANG_WARN_BLOCK_CAPTURE_AUTORELEASING = YES;
				CLANG_WARN_BOOL_CONVERSION = YES;
				CLANG_WARN_COMMA = YES;
				CLANG_WARN_CONSTANT_CONVERSION = YES;
				CLANG_WARN_DEPRECATED_OBJC_IMPLEMENTATIONS = YES;
				CLANG_WARN_DIRECT_OBJC_ISA_USAGE = YES_ERROR;
				CLANG_WARN_DOCUMENTATION_COMMENTS = YES;
				CLANG_WARN_EMPTY_BODY = YES;
				CLANG_WARN_ENUM_CONVERSION = YES;
				CLANG_WARN_INFINITE_RECURSION = YES;
				CLANG_WARN_INT_CONVERSION = YES;
				CLANG_WARN_NON_LITERAL_NULL_CONVERSION = YES;
				CLANG_WARN_OBJC_IMPLICIT_RETAIN_SELF = YES;
				CLANG_WARN_OBJC_LITERAL_CONVERSION = YES;
				CLANG_WARN_OBJC_ROOT_CLASS = YES_ERROR;
				CLANG_WARN_QUOTED_INCLUDE_IN_FRAMEWORK_HEADER = YES;
				CLANG_WARN_RANGE_LOOP_ANALYSIS = YES;
				CLANG_WARN_STRICT_PROTOTYPES = YES;
				CLANG_WARN_SUSPICIOUS_MOVE = YES;
				CLANG_WARN_UNGUARDED_AVAILABILITY = YES_AGGRESSIVE;
				CLANG_WARN_UNREACHABLE_CODE = YES;
				CLANG_WARN__DUPLICATE_METHOD_MATCH = YES;
				COPY_PHASE_STRIP = NO;
				DEBUG_INFORMATION_FORMAT = "dwarf-with-dsym";
				ENABLE_NS_ASSERTIONS = NO;
				ENABLE_STRICT_OBJC_MSGSEND = YES;
				ENABLE_USER_SCRIPT_SANDBOXING = YES;
				GCC_C_LANGUAGE_STANDARD = gnu17;
				GCC_NO_COMMON_BLOCKS = YES;
				GCC_WARN_64_TO_32_BIT_CONVERSION = YES;
				GCC_WARN_ABOUT_RETURN_TYPE = YES_ERROR;
				GCC_WARN_UNDECLARED_SELECTOR = YES;
				GCC_WARN_UNINITIALIZED_AUTOS = YES_AGGRESSIVE;
				GCC_WARN_UNUSED_FUNCTION = YES;
				GCC_WARN_UNUSED_VARIABLE = YES;
				IPHONEOS_DEPLOYMENT_TARGET = 18.0;
				LOCALIZATION_PREFERS_STRING_CATALOGS = YES;
				MTL_ENABLE_DEBUG_INFO = NO;
				MTL_FAST_MATH = YES;
				SDKROOT = iphoneos;
				SWIFT_COMPILATION_MODE = wholemodule;
				VALIDATE_PRODUCT = YES;
			};
			name = Release;
		};
		75C2BD352D5352D7008732B9 /* Debug */ = {
			isa = XCBuildConfiguration;
			buildSettings = {
				ASSETCATALOG_COMPILER_APPICON_NAME = AppIcon;
				ASSETCATALOG_COMPILER_GLOBAL_ACCENT_COLOR_NAME = AccentColor;
				CODE_SIGN_ENTITLEMENTS = "Vancouver Fun City Tour/Vancouver Fun City Tour.entitlements";
				CODE_SIGN_STYLE = Automatic;
				CURRENT_PROJECT_VERSION = 1;
				DEVELOPMENT_ASSET_PATHS = "\"Vancouver Fun City Tour/Preview Content\"";
				DEVELOPMENT_TEAM = "";
				ENABLE_PREVIEWS = YES;
				GENERATE_INFOPLIST_FILE = YES;
				INFOPLIST_FILE = "Vancouver-Fun-City-Tour-Info.plist";
				INFOPLIST_KEY_NSCameraUsageDescription = "The camera is used on the support screen to allow users to add a photo when submitting feedback about the app.";
				INFOPLIST_KEY_NSPhotoLibraryUsageDescription = "We need access to your photo library to upload images for support requests.";
				INFOPLIST_KEY_UIApplicationSceneManifest_Generation = YES;
				INFOPLIST_KEY_UIApplicationSupportsIndirectInputEvents = YES;
				INFOPLIST_KEY_UILaunchScreen_Generation = YES;
				INFOPLIST_KEY_UISupportedInterfaceOrientations = UIInterfaceOrientationPortrait;
				INFOPLIST_KEY_UISupportedInterfaceOrientations_iPad = "UIInterfaceOrientationLandscapeLeft UIInterfaceOrientationLandscapeRight UIInterfaceOrientationPortrait UIInterfaceOrientationPortraitUpsideDown";
				IPHONEOS_DEPLOYMENT_TARGET = 16.6;
				LD_RUNPATH_SEARCH_PATHS = (
					"$(inherited)",
					"@executable_path/Frameworks",
				);
				MARKETING_VERSION = 7.0;
				PRODUCT_BUNDLE_IDENTIFIER = com.vncvsdf.fcrtdsss;
				PRODUCT_NAME = "$(TARGET_NAME)";
				SUPPORTED_PLATFORMS = "iphoneos iphonesimulator";
				SUPPORTS_MACCATALYST = NO;
				SUPPORTS_MAC_DESIGNED_FOR_IPHONE_IPAD = NO;
				SUPPORTS_XR_DESIGNED_FOR_IPHONE_IPAD = NO;
				SWIFT_EMIT_LOC_STRINGS = YES;
				SWIFT_VERSION = 5.0;
				TARGETED_DEVICE_FAMILY = 1;
			};
			name = Debug;
		};
		75C2BD362D5352D7008732B9 /* Release */ = {
			isa = XCBuildConfiguration;
			buildSettings = {
				ASSETCATALOG_COMPILER_APPICON_NAME = AppIcon;
				ASSETCATALOG_COMPILER_GLOBAL_ACCENT_COLOR_NAME = AccentColor;
				CODE_SIGN_ENTITLEMENTS = "Vancouver Fun City Tour/Vancouver Fun City Tour.entitlements";
				CODE_SIGN_STYLE = Automatic;
				CURRENT_PROJECT_VERSION = 1;
				DEVELOPMENT_ASSET_PATHS = "\"Vancouver Fun City Tour/Preview Content\"";
				DEVELOPMENT_TEAM = "";
				ENABLE_PREVIEWS = YES;
				GENERATE_INFOPLIST_FILE = YES;
				INFOPLIST_FILE = "Vancouver-Fun-City-Tour-Info.plist";
				INFOPLIST_KEY_NSCameraUsageDescription = "The camera is used on the support screen to allow users to add a photo when submitting feedback about the app.";
				INFOPLIST_KEY_NSPhotoLibraryUsageDescription = "We need access to your photo library to upload images for support requests.";
				INFOPLIST_KEY_UIApplicationSceneManifest_Generation = YES;
				INFOPLIST_KEY_UIApplicationSupportsIndirectInputEvents = YES;
				INFOPLIST_KEY_UILaunchScreen_Generation = YES;
				INFOPLIST_KEY_UISupportedInterfaceOrientations = UIInterfaceOrientationPortrait;
				INFOPLIST_KEY_UISupportedInterfaceOrientations_iPad = "UIInterfaceOrientationLandscapeLeft UIInterfaceOrientationLandscapeRight UIInterfaceOrientationPortrait UIInterfaceOrientationPortraitUpsideDown";
				IPHONEOS_DEPLOYMENT_TARGET = 16.6;
				LD_RUNPATH_SEARCH_PATHS = (
					"$(inherited)",
					"@executable_path/Frameworks",
				);
				MARKETING_VERSION = 7.0;
				PRODUCT_BUNDLE_IDENTIFIER = com.vncvsdf.fcrtdsss;
				PRODUCT_NAME = "$(TARGET_NAME)";
				SUPPORTED_PLATFORMS = "iphoneos iphonesimulator";
				SUPPORTS_MACCATALYST = NO;
				SUPPORTS_MAC_DESIGNED_FOR_IPHONE_IPAD = NO;
				SUPPORTS_XR_DESIGNED_FOR_IPHONE_IPAD = NO;
				SWIFT_EMIT_LOC_STRINGS = YES;
				SWIFT_VERSION = 5.0;
				TARGETED_DEVICE_FAMILY = 1;
			};
			name = Release;
		};
		75FC226B2D5F42EF008BE7CE /* Debug */ = {
			isa = XCBuildConfiguration;
			buildSettings = {
				CODE_SIGN_STYLE = Automatic;
				CURRENT_PROJECT_VERSION = 1;
				DEVELOPMENT_TEAM = "";
				GENERATE_INFOPLIST_FILE = YES;
				INFOPLIST_FILE = NotificationService/Info.plist;
				INFOPLIST_KEY_CFBundleDisplayName = NotificationService;
				INFOPLIST_KEY_NSHumanReadableCopyright = "";
				IPHONEOS_DEPLOYMENT_TARGET = 16.6;
				LD_RUNPATH_SEARCH_PATHS = (
					"$(inherited)",
					"@executable_path/Frameworks",
					"@executable_path/../../Frameworks",
				);
				MARKETING_VERSION = 7.0;
				PRODUCT_BUNDLE_IDENTIFIER = com.vncvsdf.fcrtdsss.NotificationService;
				PRODUCT_NAME = "$(TARGET_NAME)";
				SKIP_INSTALL = YES;
				SUPPORTED_PLATFORMS = "iphoneos iphonesimulator";
				SUPPORTS_MACCATALYST = NO;
				SUPPORTS_MAC_DESIGNED_FOR_IPHONE_IPAD = NO;
				SUPPORTS_XR_DESIGNED_FOR_IPHONE_IPAD = NO;
				SWIFT_EMIT_LOC_STRINGS = YES;
				SWIFT_VERSION = 5.0;
				TARGETED_DEVICE_FAMILY = 1;
			};
			name = Debug;
		};
		75FC226C2D5F42EF008BE7CE /* Release */ = {
			isa = XCBuildConfiguration;
			buildSettings = {
				CODE_SIGN_STYLE = Automatic;
				CURRENT_PROJECT_VERSION = 1;
				DEVELOPMENT_TEAM = "";
				GENERATE_INFOPLIST_FILE = YES;
				INFOPLIST_FILE = NotificationService/Info.plist;
				INFOPLIST_KEY_CFBundleDisplayName = NotificationService;
				INFOPLIST_KEY_NSHumanReadableCopyright = "";
				IPHONEOS_DEPLOYMENT_TARGET = 16.6;
				LD_RUNPATH_SEARCH_PATHS = (
					"$(inherited)",
					"@executable_path/Frameworks",
					"@executable_path/../../Frameworks",
				);
				MARKETING_VERSION = 7.0;
				PRODUCT_BUNDLE_IDENTIFIER = com.vncvsdf.fcrtdsss.NotificationService;
				PRODUCT_NAME = "$(TARGET_NAME)";
				SKIP_INSTALL = YES;
				SUPPORTED_PLATFORMS = "iphoneos iphonesimulator";
				SUPPORTS_MACCATALYST = NO;
				SUPPORTS_MAC_DESIGNED_FOR_IPHONE_IPAD = NO;
				SUPPORTS_XR_DESIGNED_FOR_IPHONE_IPAD = NO;
				SWIFT_EMIT_LOC_STRINGS = YES;
				SWIFT_VERSION = 5.0;
				TARGETED_DEVICE_FAMILY = 1;
			};
			name = Release;
		};
/* End XCBuildConfiguration section */

/* Begin XCConfigurationList section */
		75C2BD212D5352D6008732B9 /* Build configuration list for PBXProject "Vancouver Fun City Tour" */ = {
			isa = XCConfigurationList;
			buildConfigurations = (
				75C2BD322D5352D7008732B9 /* Debug */,
				75C2BD332D5352D7008732B9 /* Release */,
			);
			defaultConfigurationIsVisible = 0;
			defaultConfigurationName = Release;
		};
		75C2BD342D5352D7008732B9 /* Build configuration list for PBXNativeTarget "Vancouver Fun City Tour" */ = {
			isa = XCConfigurationList;
			buildConfigurations = (
				75C2BD352D5352D7008732B9 /* Debug */,
				75C2BD362D5352D7008732B9 /* Release */,
			);
			defaultConfigurationIsVisible = 0;
			defaultConfigurationName = Release;
		};
		75FC226A2D5F42EF008BE7CE /* Build configuration list for PBXNativeTarget "NotificationService" */ = {
			isa = XCConfigurationList;
			buildConfigurations = (
				75FC226B2D5F42EF008BE7CE /* Debug */,
				75FC226C2D5F42EF008BE7CE /* Release */,
			);
			defaultConfigurationIsVisible = 0;
			defaultConfigurationName = Release;
		};
/* End XCConfigurationList section */

/* Begin XCRemoteSwiftPackageReference section */
		75C017AE2D5DD9940046C3DF /* XCRemoteSwiftPackageReference "firebase-ios-sdk" */ = {
			isa = XCRemoteSwiftPackageReference;
			repositoryURL = "https://github.com/firebase/firebase-ios-sdk";
			requirement = {
				kind = upToNextMajorVersion;
				minimumVersion = 11.8.1;
			};
		};
		75FC225B2D5F4230008BE7CE /* XCRemoteSwiftPackageReference "pushexpress-swift-sdk" */ = {
			isa = XCRemoteSwiftPackageReference;
			repositoryURL = "https://github.com/pushexpress/pushexpress-swift-sdk.git";
			requirement = {
				branch = main;
				kind = branch;
			};
		};
/* End XCRemoteSwiftPackageReference section */

/* Begin XCSwiftPackageProductDependency section */
		75C017AF2D5DD9950046C3DF /* FirebaseRemoteConfig */ = {
			isa = XCSwiftPackageProductDependency;
			package = 75C017AE2D5DD9940046C3DF /* XCRemoteSwiftPackageReference "firebase-ios-sdk" */;
			productName = FirebaseRemoteConfig;
		};
		75FC225C2D5F4230008BE7CE /* SdkPushExpress */ = {
			isa = XCSwiftPackageProductDependency;
			package = 75FC225B2D5F4230008BE7CE /* XCRemoteSwiftPackageReference "pushexpress-swift-sdk" */;
			productName = SdkPushExpress;
		};
		75FC226F2D5F4310008BE7CE /* SdkPushExpress */ = {
			isa = XCSwiftPackageProductDependency;
			package = 75FC225B2D5F4230008BE7CE /* XCRemoteSwiftPackageReference "pushexpress-swift-sdk" */;
			productName = SdkPushExpress;
		};
/* End XCSwiftPackageProductDependency section */
	};
	rootObject = 75C2BD1E2D5352D6008732B9 /* Project object */;
}
